
Microsoft Visual Studio Solution File, Format Version 12.00
# Visual Studio 15
VisualStudioVersion = 15.0.28307.572
MinimumVisualStudioVersion = 10.0.40219.1
Project("{FAE04EC0-301F-11D3-BF4B-00C04F79EFBC}") = "Exam.Android", "Exam\Exam.Android\Exam.Android.csproj", "{7276830D-2D4F-4B28-8060-B62709E34F92}"
EndProject
Project("{FAE04EC0-301F-11D3-BF4B-00C04F79EFBC}") = "Exam", "Exam\Exam\Exam.csproj", "{A6178F48-BF39-4F08-BA72-A603906168FF}"
EndProject
Global
	GlobalSection(SolutionConfigurationPlatforms) = preSolution
		Debug|Any CPU = Debug|Any CPU
		Release|Any CPU = Release|Any CPU
	EndGlobalSection
	GlobalSection(ProjectConfigurationPlatforms) = postSolution
		{7276830D-2D4F-4B28-8060-B62709E34F92}.Debug|Any CPU.ActiveCfg = Debug|Any CPU
		{7276830D-2D4F-4B28-8060-B62709E34F92}.Debug|Any CPU.Build.0 = Debug|Any CPU
		{7276830D-2D4F-4B28-8060-B62709E34F92}.Debug|Any CPU.Deploy.0 = Debug|Any CPU
		{7276830D-2D4F-4B28-8060-B62709E34F92}.Release|Any CPU.ActiveCfg = Release|Any CPU
		{7276830D-2D4F-4B28-8060-B62709E34F92}.Release|Any CPU.Build.0 = Release|Any CPU
		{7276830D-2D4F-4B28-8060-B62709E34F92}.Release|Any CPU.Deploy.0 = Release|Any CPU
		{A6178F48-BF39-4F08-BA72-A603906168FF}.Debug|Any CPU.ActiveCfg = Debug|Any CPU
		{A6178F48-BF39-4F08-BA72-A603906168FF}.Debug|Any CPU.Build.0 = Debug|Any CPU
		{A6178F48-BF39-4F08-BA72-A603906168FF}.Debug|Any CPU.Deploy.0 = Debug|Any CPU
		{A6178F48-BF39-4F08-BA72-A603906168FF}.Release|Any CPU.ActiveCfg = Release|Any CPU
		{A6178F48-BF39-4F08-BA72-A603906168FF}.Release|Any CPU.Build.0 = Release|Any CPU
		{A6178F48-BF39-4F08-BA72-A603906168FF}.Release|Any CPU.Deploy.0 = Release|Any CPU
	EndGlobalSection
	GlobalSection(SolutionProperties) = preSolution
		HideSolutionNode = FALSE
	EndGlobalSection
	GlobalSection(ExtensibilityGlobals) = postSolution
		SolutionGuid = {E7786FFA-67F2-440A-AF33-1D76B231002D}
	EndGlobalSection
EndGlobal
